
Microsoft Visual Studio Solution File, Format Version 12.00
# Visual Studio Version 17
VisualStudioVersion = 17.2.32630.192
MinimumVisualStudioVersion = 10.0.40219.1
Project("{FAE04EC0-301F-11D3-BF4B-00C04F79EFBC}") = "Lab01Consola", "Lab01Consola\Lab01Consola.csproj", "{8C926AD1-1AED-428E-B18F-6C6E5B99FE91}"
EndProject
Project("{FAE04EC0-301F-11D3-BF4B-00C04F79EFBC}") = "WindowsFormsApp1", "WindowsFormsApp1\WindowsFormsApp1.csproj", "{C372085F-847B-4ACA-882C-30BC3B1B3A48}"
EndProject
Global
	GlobalSection(SolutionConfigurationPlatforms) = preSolution
		Debug|Any CPU = Debug|Any CPU
		Release|Any CPU = Release|Any CPU
	EndGlobalSection
	GlobalSection(ProjectConfigurationPlatforms) = postSolution
		{8C926AD1-1AED-428E-B18F-6C6E5B99FE91}.Debug|Any CPU.ActiveCfg = Debug|Any CPU
		{8C926AD1-1AED-428E-B18F-6C6E5B99FE91}.Debug|Any CPU.Build.0 = Debug|Any CPU
		{8C926AD1-1AED-428E-B18F-6C6E5B99FE91}.Release|Any CPU.ActiveCfg = Release|Any CPU
		{8C926AD1-1AED-428E-B18F-6C6E5B99FE91}.Release|Any CPU.Build.0 = Release|Any CPU
		{C372085F-847B-4ACA-882C-30BC3B1B3A48}.Debug|Any CPU.ActiveCfg = Debug|Any CPU
		{C372085F-847B-4ACA-882C-30BC3B1B3A48}.Debug|Any CPU.Build.0 = Debug|Any CPU
		{C372085F-847B-4ACA-882C-30BC3B1B3A48}.Release|Any CPU.ActiveCfg = Release|Any CPU
		{C372085F-847B-4ACA-882C-30BC3B1B3A48}.Release|Any CPU.Build.0 = Release|Any CPU
	EndGlobalSection
	GlobalSection(SolutionProperties) = preSolution
		HideSolutionNode = FALSE
	EndGlobalSection
	GlobalSection(ExtensibilityGlobals) = postSolution
		SolutionGuid = {539FF14C-A94C-4FC4-AC17-E057D9BA0DAB}
	EndGlobalSection
EndGlobal
